
Microsoft Visual Studio Solution File, Format Version 12.00
# Visual Studio Version 17
VisualStudioVersion = 17.9.34607.119
MinimumVisualStudioVersion = 10.0.40219.1
Project("{FAE04EC0-301F-11D3-BF4B-00C04F79EFBC}") = "FunctionsC#", "FunctionsC#.csproj", "{F1FD9419-5CE8-4866-A35D-D6FCE21DD675}"
EndProject
Project("{FAE04EC0-301F-11D3-BF4B-00C04F79EFBC}") = "cwC#", "..\cwC#\cwC#.csproj", "{860F5C3F-7097-40D7-908A-71A9CA7B19A5}"
EndProject
Global
	GlobalSection(SolutionConfigurationPlatforms) = preSolution
		Debug|Any CPU = Debug|Any CPU
		Release|Any CPU = Release|Any CPU
	EndGlobalSection
	GlobalSection(ProjectConfigurationPlatforms) = postSolution
		{F1FD9419-5CE8-4866-A35D-D6FCE21DD675}.Debug|Any CPU.ActiveCfg = Debug|Any CPU
		{F1FD9419-5CE8-4866-A35D-D6FCE21DD675}.Debug|Any CPU.Build.0 = Debug|Any CPU
		{F1FD9419-5CE8-4866-A35D-D6FCE21DD675}.Release|Any CPU.ActiveCfg = Release|Any CPU
		{F1FD9419-5CE8-4866-A35D-D6FCE21DD675}.Release|Any CPU.Build.0 = Release|Any CPU
		{860F5C3F-7097-40D7-908A-71A9CA7B19A5}.Debug|Any CPU.ActiveCfg = Debug|Any CPU
		{860F5C3F-7097-40D7-908A-71A9CA7B19A5}.Debug|Any CPU.Build.0 = Debug|Any CPU
		{860F5C3F-7097-40D7-908A-71A9CA7B19A5}.Release|Any CPU.ActiveCfg = Release|Any CPU
		{860F5C3F-7097-40D7-908A-71A9CA7B19A5}.Release|Any CPU.Build.0 = Release|Any CPU
	EndGlobalSection
	GlobalSection(SolutionProperties) = preSolution
		HideSolutionNode = FALSE
	EndGlobalSection
	GlobalSection(ExtensibilityGlobals) = postSolution
		SolutionGuid = {1F126048-7BE8-46A0-9BE6-E96A4F6A09BC}
	EndGlobalSection
EndGlobal
